
Microsoft Visual Studio Solution File, Format Version 12.00
# Visual Studio 14
VisualStudioVersion = 14.0.23107.0
MinimumVisualStudioVersion = 10.0.40219.1
Project("{FAE04EC0-301F-11D3-BF4B-00C04F79EFBC}") = "BlackOps", "BlackOps\BlackOps.csproj", "{1A906DDC-4ECD-4F6D-A33C-4151547D7EDD}"
EndProject
Global
	GlobalSection(SolutionConfigurationPlatforms) = preSolution
		Debug|Any CPU = Debug|Any CPU
		Release|Any CPU = Release|Any CPU
	EndGlobalSection
	GlobalSection(ProjectConfigurationPlatforms) = postSolution
		{1A906DDC-4ECD-4F6D-A33C-4151547D7EDD}.Debug|Any CPU.ActiveCfg = Debug|Any CPU
		{1A906DDC-4ECD-4F6D-A33C-4151547D7EDD}.Debug|Any CPU.Build.0 = Debug|Any CPU
		{1A906DDC-4ECD-4F6D-A33C-4151547D7EDD}.Release|Any CPU.ActiveCfg = Release|Any CPU
		{1A906DDC-4ECD-4F6D-A33C-4151547D7EDD}.Release|Any CPU.Build.0 = Release|Any CPU
	EndGlobalSection
	GlobalSection(SolutionProperties) = preSolution
		HideSolutionNode = FALSE
	EndGlobalSection
EndGlobal
